# This file is automatically @generated by Cargo.
# It is not intended for manual editing.
version = 3

[[package]]
name = "arrayvec"
version = "0.7.6"
source = "registry+https://github.com/rust-lang/crates.io-index"
checksum = "7c02d123df017efcdfbd739ef81735b36c5ba83ec3c59c80a9d7ecc718f92e50"

[[package]]
name = "esologanalysis"
version = "0.1.0"
dependencies = [
 "lazy_static",
 "num-format",
]

[[package]]
name = "itoa"
version = "1.0.14"
source = "registry+https://github.com/rust-lang/crates.io-index"
checksum = "d75a2a4b1b190afb6f5425f10f6a8f959d2ea0b9c2b1d79553551850539e4674"

[[package]]
name = "lazy_static"
version = "1.5.0"
source = "registry+https://github.com/rust-lang/crates.io-index"
checksum = "bbd2bcb4c963f2ddae06a2efc7e9f3591312473c50c6685e1f298068316e66fe"

[[package]]
name = "num-format"
version = "0.4.4"
source = "registry+https://github.com/rust-lang/crates.io-index"
checksum = "a652d9771a63711fd3c3deb670acfbe5c30a4072e664d7a3bf5a9e1056ac72c3"
dependencies = [
 "arrayvec",
 "itoa",
]
